
Microsoft Visual Studio Solution File, Format Version 12.00
# Visual Studio Version 16
VisualStudioVersion = 16.0.29509.3
MinimumVisualStudioVersion = 10.0.40219.1
Project("{2150E333-8FDC-42A3-9474-1A3956D46DE8}") = "00-TEST", "00-TEST", "{112935B3-20A8-4103-8541-59CDC3BCC0DB}"
EndProject
Project("{2150E333-8FDC-42A3-9474-1A3956D46DE8}") = "01-PRESENTACION", "01-PRESENTACION", "{38F62A0A-4C1C-483C-A7C9-92FA4EC994E1}"
EndProject
Project("{2150E333-8FDC-42A3-9474-1A3956D46DE8}") = "02-DOMINIO", "02-DOMINIO", "{81D9BDB0-4F9E-4B49-BE5B-22F6F05CE5E1}"
EndProject
Project("{2150E333-8FDC-42A3-9474-1A3956D46DE8}") = "03-SERVICIOS", "03-SERVICIOS", "{01E1D217-602C-40C8-AAF8-1FE14317BE43}"
EndProject
Project("{2150E333-8FDC-42A3-9474-1A3956D46DE8}") = "04-DATOS", "04-DATOS", "{04E55C74-A3F2-484F-AC5C-16BBE3DB8EA2}"
EndProject
Project("{2150E333-8FDC-42A3-9474-1A3956D46DE8}") = "05-UTIL", "05-UTIL", "{CCC6F85D-860E-4199-AEAA-B33D08B7A1CE}"
EndProject
Project("{FAE04EC0-301F-11D3-BF4B-00C04F79EFBC}") = "MonitorWPF", "01-PRESENTACION\MonitorWPF\MonitorWPF.csproj", "{0A737189-7548-4FA0-9876-E80163DB2F81}"
EndProject
Project("{FAE04EC0-301F-11D3-BF4B-00C04F79EFBC}") = "Entidades", "02-DOMINIO\Entidades\Entidades.csproj", "{C44038D3-26C5-43D3-95B9-83E2FFB38118}"
EndProject
Project("{FAE04EC0-301F-11D3-BF4B-00C04F79EFBC}") = "SistemaGlobal", "04-DATOS\SistemaGlobal\SistemaGlobal.csproj", "{FDBB2A04-40F7-4E43-97C5-1C3F2A956800}"
EndProject
Project("{FAE04EC0-301F-11D3-BF4B-00C04F79EFBC}") = "Local", "04-DATOS\Local\Local.csproj", "{C5959229-3386-4716-8B15-0D575F5FBEBF}"
EndProject
Project("{FAE04EC0-301F-11D3-BF4B-00C04F79EFBC}") = "Memoria", "04-DATOS\Memoria\Memoria.csproj", "{78A9BDC1-6B42-4961-874E-D4BFEE43BCC6}"
EndProject
Project("{FAE04EC0-301F-11D3-BF4B-00C04F79EFBC}") = "Almacenamiento", "03-SERVICIOS\Almacenamiento\Almacenamiento.csproj", "{03502C6C-D39B-466E-94DF-365DFED54775}"
EndProject
Project("{FAE04EC0-301F-11D3-BF4B-00C04F79EFBC}") = "Extensiones", "05-UTIL\Extensiones\Extensiones.csproj", "{04AC0354-5C9B-46CB-B96E-AB7030DE1F2F}"
EndProject
Project("{FAE04EC0-301F-11D3-BF4B-00C04F79EFBC}") = "JsonResolvers", "05-UTIL\JsonResolvers\JsonResolvers.csproj", "{1124641E-A94C-4F6D-9B93-2E0486E04DCB}"
EndProject
Project("{FAE04EC0-301F-11D3-BF4B-00C04F79EFBC}") = "MqttServicio", "03-SERVICIOS\MqttServicio\MqttServicio.csproj", "{599A1668-B433-4515-BD24-4831535118AF}"
EndProject
Project("{FAE04EC0-301F-11D3-BF4B-00C04F79EFBC}") = "Fichajes", "03-SERVICIOS\Fichajes\Fichajes.csproj", "{FC97D442-0287-4260-8B2B-198CEFAE170D}"
EndProject
Project("{FAE04EC0-301F-11D3-BF4B-00C04F79EFBC}") = "Horario", "03-SERVICIOS\Horario\Horario.csproj", "{C17CA7D2-C597-4BB0-B955-C8C20AEF28C4}"
EndProject
Project("{FAE04EC0-301F-11D3-BF4B-00C04F79EFBC}") = "Turnos", "Turnos\Turnos.csproj", "{C0A06CCA-A6B3-4C8C-94AE-BCBA98DEFDA0}"
EndProject
Project("{FAE04EC0-301F-11D3-BF4B-00C04F79EFBC}") = "Networking", "Networking\Networking.csproj", "{A790A629-782F-40EB-94B7-E174683104E9}"
EndProject
Project("{FAE04EC0-301F-11D3-BF4B-00C04F79EFBC}") = "TCPService", "TCPService\TCPService.csproj", "{D2C39169-9738-492E-BFD4-8C6300583627}"
EndProject
Project("{FAE04EC0-301F-11D3-BF4B-00C04F79EFBC}") = "Impresion", "Impresion\Impresion.csproj", "{F6EF0577-8540-4DA1-B672-3FC76B7E2C54}"
EndProject
Global
	GlobalSection(SolutionConfigurationPlatforms) = preSolution
		Debug|Any CPU = Debug|Any CPU
		Release|Any CPU = Release|Any CPU
	EndGlobalSection
	GlobalSection(ProjectConfigurationPlatforms) = postSolution
		{0A737189-7548-4FA0-9876-E80163DB2F81}.Debug|Any CPU.ActiveCfg = Debug|Any CPU
		{0A737189-7548-4FA0-9876-E80163DB2F81}.Debug|Any CPU.Build.0 = Debug|Any CPU
		{0A737189-7548-4FA0-9876-E80163DB2F81}.Release|Any CPU.ActiveCfg = Release|Any CPU
		{0A737189-7548-4FA0-9876-E80163DB2F81}.Release|Any CPU.Build.0 = Release|Any CPU
		{C44038D3-26C5-43D3-95B9-83E2FFB38118}.Debug|Any CPU.ActiveCfg = Debug|Any CPU
		{C44038D3-26C5-43D3-95B9-83E2FFB38118}.Debug|Any CPU.Build.0 = Debug|Any CPU
		{C44038D3-26C5-43D3-95B9-83E2FFB38118}.Release|Any CPU.ActiveCfg = Release|Any CPU
		{C44038D3-26C5-43D3-95B9-83E2FFB38118}.Release|Any CPU.Build.0 = Release|Any CPU
		{FDBB2A04-40F7-4E43-97C5-1C3F2A956800}.Debug|Any CPU.ActiveCfg = Debug|Any CPU
		{FDBB2A04-40F7-4E43-97C5-1C3F2A956800}.Debug|Any CPU.Build.0 = Debug|Any CPU
		{FDBB2A04-40F7-4E43-97C5-1C3F2A956800}.Release|Any CPU.ActiveCfg = Release|Any CPU
		{FDBB2A04-40F7-4E43-97C5-1C3F2A956800}.Release|Any CPU.Build.0 = Release|Any CPU
		{C5959229-3386-4716-8B15-0D575F5FBEBF}.Debug|Any CPU.ActiveCfg = Debug|Any CPU
		{C5959229-3386-4716-8B15-0D575F5FBEBF}.Debug|Any CPU.Build.0 = Debug|Any CPU
		{C5959229-3386-4716-8B15-0D575F5FBEBF}.Release|Any CPU.ActiveCfg = Release|Any CPU
		{C5959229-3386-4716-8B15-0D575F5FBEBF}.Release|Any CPU.Build.0 = Release|Any CPU
		{78A9BDC1-6B42-4961-874E-D4BFEE43BCC6}.Debug|Any CPU.ActiveCfg = Debug|Any CPU
		{78A9BDC1-6B42-4961-874E-D4BFEE43BCC6}.Debug|Any CPU.Build.0 = Debug|Any CPU
		{78A9BDC1-6B42-4961-874E-D4BFEE43BCC6}.Release|Any CPU.ActiveCfg = Release|Any CPU
		{78A9BDC1-6B42-4961-874E-D4BFEE43BCC6}.Release|Any CPU.Build.0 = Release|Any CPU
		{03502C6C-D39B-466E-94DF-365DFED54775}.Debug|Any CPU.ActiveCfg = Debug|Any CPU
		{03502C6C-D39B-466E-94DF-365DFED54775}.Debug|Any CPU.Build.0 = Debug|Any CPU
		{03502C6C-D39B-466E-94DF-365DFED54775}.Release|Any CPU.ActiveCfg = Release|Any CPU
		{03502C6C-D39B-466E-94DF-365DFED54775}.Release|Any CPU.Build.0 = Release|Any CPU
		{04AC0354-5C9B-46CB-B96E-AB7030DE1F2F}.Debug|Any CPU.ActiveCfg = Debug|Any CPU
		{04AC0354-5C9B-46CB-B96E-AB7030DE1F2F}.Debug|Any CPU.Build.0 = Debug|Any CPU
		{04AC0354-5C9B-46CB-B96E-AB7030DE1F2F}.Release|Any CPU.ActiveCfg = Release|Any CPU
		{04AC0354-5C9B-46CB-B96E-AB7030DE1F2F}.Release|Any CPU.Build.0 = Release|Any CPU
		{1124641E-A94C-4F6D-9B93-2E0486E04DCB}.Debug|Any CPU.ActiveCfg = Debug|Any CPU
		{1124641E-A94C-4F6D-9B93-2E0486E04DCB}.Debug|Any CPU.Build.0 = Debug|Any CPU
		{1124641E-A94C-4F6D-9B93-2E0486E04DCB}.Release|Any CPU.ActiveCfg = Release|Any CPU
		{1124641E-A94C-4F6D-9B93-2E0486E04DCB}.Release|Any CPU.Build.0 = Release|Any CPU
		{599A1668-B433-4515-BD24-4831535118AF}.Debug|Any CPU.ActiveCfg = Debug|Any CPU
		{599A1668-B433-4515-BD24-4831535118AF}.Debug|Any CPU.Build.0 = Debug|Any CPU
		{599A1668-B433-4515-BD24-4831535118AF}.Release|Any CPU.ActiveCfg = Release|Any CPU
		{599A1668-B433-4515-BD24-4831535118AF}.Release|Any CPU.Build.0 = Release|Any CPU
		{FC97D442-0287-4260-8B2B-198CEFAE170D}.Debug|Any CPU.ActiveCfg = Debug|Any CPU
		{FC97D442-0287-4260-8B2B-198CEFAE170D}.Debug|Any CPU.Build.0 = Debug|Any CPU
		{FC97D442-0287-4260-8B2B-198CEFAE170D}.Release|Any CPU.ActiveCfg = Release|Any CPU
		{FC97D442-0287-4260-8B2B-198CEFAE170D}.Release|Any CPU.Build.0 = Release|Any CPU
		{C17CA7D2-C597-4BB0-B955-C8C20AEF28C4}.Debug|Any CPU.ActiveCfg = Debug|Any CPU
		{C17CA7D2-C597-4BB0-B955-C8C20AEF28C4}.Debug|Any CPU.Build.0 = Debug|Any CPU
		{C17CA7D2-C597-4BB0-B955-C8C20AEF28C4}.Release|Any CPU.ActiveCfg = Release|Any CPU
		{C17CA7D2-C597-4BB0-B955-C8C20AEF28C4}.Release|Any CPU.Build.0 = Release|Any CPU
		{C0A06CCA-A6B3-4C8C-94AE-BCBA98DEFDA0}.Debug|Any CPU.ActiveCfg = Debug|Any CPU
		{C0A06CCA-A6B3-4C8C-94AE-BCBA98DEFDA0}.Debug|Any CPU.Build.0 = Debug|Any CPU
		{C0A06CCA-A6B3-4C8C-94AE-BCBA98DEFDA0}.Release|Any CPU.ActiveCfg = Release|Any CPU
		{C0A06CCA-A6B3-4C8C-94AE-BCBA98DEFDA0}.Release|Any CPU.Build.0 = Release|Any CPU
		{A790A629-782F-40EB-94B7-E174683104E9}.Debug|Any CPU.ActiveCfg = Debug|Any CPU
		{A790A629-782F-40EB-94B7-E174683104E9}.Debug|Any CPU.Build.0 = Debug|Any CPU
		{A790A629-782F-40EB-94B7-E174683104E9}.Release|Any CPU.ActiveCfg = Release|Any CPU
		{A790A629-782F-40EB-94B7-E174683104E9}.Release|Any CPU.Build.0 = Release|Any CPU
		{D2C39169-9738-492E-BFD4-8C6300583627}.Debug|Any CPU.ActiveCfg = Debug|Any CPU
		{D2C39169-9738-492E-BFD4-8C6300583627}.Debug|Any CPU.Build.0 = Debug|Any CPU
		{D2C39169-9738-492E-BFD4-8C6300583627}.Release|Any CPU.ActiveCfg = Release|Any CPU
		{D2C39169-9738-492E-BFD4-8C6300583627}.Release|Any CPU.Build.0 = Release|Any CPU
		{F6EF0577-8540-4DA1-B672-3FC76B7E2C54}.Debug|Any CPU.ActiveCfg = Debug|Any CPU
		{F6EF0577-8540-4DA1-B672-3FC76B7E2C54}.Debug|Any CPU.Build.0 = Debug|Any CPU
		{F6EF0577-8540-4DA1-B672-3FC76B7E2C54}.Release|Any CPU.ActiveCfg = Release|Any CPU
		{F6EF0577-8540-4DA1-B672-3FC76B7E2C54}.Release|Any CPU.Build.0 = Release|Any CPU
	EndGlobalSection
	GlobalSection(SolutionProperties) = preSolution
		HideSolutionNode = FALSE
	EndGlobalSection
	GlobalSection(NestedProjects) = preSolution
		{0A737189-7548-4FA0-9876-E80163DB2F81} = {38F62A0A-4C1C-483C-A7C9-92FA4EC994E1}
		{C44038D3-26C5-43D3-95B9-83E2FFB38118} = {81D9BDB0-4F9E-4B49-BE5B-22F6F05CE5E1}
		{FDBB2A04-40F7-4E43-97C5-1C3F2A956800} = {04E55C74-A3F2-484F-AC5C-16BBE3DB8EA2}
		{C5959229-3386-4716-8B15-0D575F5FBEBF} = {04E55C74-A3F2-484F-AC5C-16BBE3DB8EA2}
		{78A9BDC1-6B42-4961-874E-D4BFEE43BCC6} = {04E55C74-A3F2-484F-AC5C-16BBE3DB8EA2}
		{03502C6C-D39B-466E-94DF-365DFED54775} = {01E1D217-602C-40C8-AAF8-1FE14317BE43}
		{04AC0354-5C9B-46CB-B96E-AB7030DE1F2F} = {CCC6F85D-860E-4199-AEAA-B33D08B7A1CE}
		{1124641E-A94C-4F6D-9B93-2E0486E04DCB} = {CCC6F85D-860E-4199-AEAA-B33D08B7A1CE}
		{599A1668-B433-4515-BD24-4831535118AF} = {01E1D217-602C-40C8-AAF8-1FE14317BE43}
		{FC97D442-0287-4260-8B2B-198CEFAE170D} = {01E1D217-602C-40C8-AAF8-1FE14317BE43}
		{C17CA7D2-C597-4BB0-B955-C8C20AEF28C4} = {01E1D217-602C-40C8-AAF8-1FE14317BE43}
		{C0A06CCA-A6B3-4C8C-94AE-BCBA98DEFDA0} = {CCC6F85D-860E-4199-AEAA-B33D08B7A1CE}
		{A790A629-782F-40EB-94B7-E174683104E9} = {CCC6F85D-860E-4199-AEAA-B33D08B7A1CE}
		{D2C39169-9738-492E-BFD4-8C6300583627} = {01E1D217-602C-40C8-AAF8-1FE14317BE43}
		{F6EF0577-8540-4DA1-B672-3FC76B7E2C54} = {01E1D217-602C-40C8-AAF8-1FE14317BE43}
	EndGlobalSection
	GlobalSection(ExtensibilityGlobals) = postSolution
		SolutionGuid = {132DA107-D573-4FD1-AC96-C11F85FEB2A7}
	EndGlobalSection
EndGlobal
